
Microsoft Visual Studio Solution File, Format Version 12.00
# Visual Studio Version 17
VisualStudioVersion = 17.14.36408.4 d17.14
MinimumVisualStudioVersion = 10.0.40219.1
Project("{FAE04EC0-301F-11D3-BF4B-00C04F79EFBC}") = "CsApi", "CsApi.csproj", "{52BFFFD8-2994-82EF-37A8-5E6F7286921D}"
EndProject
Project("{FAE04EC0-301F-11D3-BF4B-00C04F79EFBC}") = "CsApi.Tests", "tests\CsApi.Tests\CsApi.Tests.csproj", "{A1B2C3D4-E5F6-7890-ABCD-EF1234567890}"
EndProject
Global
	GlobalSection(SolutionConfigurationPlatforms) = preSolution
		Debug|Any CPU = Debug|Any CPU
		Release|Any CPU = Release|Any CPU
	EndGlobalSection
	GlobalSection(ProjectConfigurationPlatforms) = postSolution
		{52BFFFD8-2994-82EF-37A8-5E6F7286921D}.Debug|Any CPU.ActiveCfg = Debug|Any CPU
		{52BFFFD8-2994-82EF-37A8-5E6F7286921D}.Debug|Any CPU.Build.0 = Debug|Any CPU
		{52BFFFD8-2994-82EF-37A8-5E6F7286921D}.Release|Any CPU.ActiveCfg = Release|Any CPU
		{52BFFFD8-2994-82EF-37A8-5E6F7286921D}.Release|Any CPU.Build.0 = Release|Any CPU
		{A1B2C3D4-E5F6-7890-ABCD-EF1234567890}.Debug|Any CPU.ActiveCfg = Debug|Any CPU
		{A1B2C3D4-E5F6-7890-ABCD-EF1234567890}.Debug|Any CPU.Build.0 = Debug|Any CPU
		{A1B2C3D4-E5F6-7890-ABCD-EF1234567890}.Release|Any CPU.ActiveCfg = Release|Any CPU
		{A1B2C3D4-E5F6-7890-ABCD-EF1234567890}.Release|Any CPU.Build.0 = Release|Any CPU
	EndGlobalSection
	GlobalSection(SolutionProperties) = preSolution
		HideSolutionNode = FALSE
	EndGlobalSection
	GlobalSection(ExtensibilityGlobals) = postSolution
		SolutionGuid = {B62F10A4-F841-4809-9ED7-2AD832B9C7FF}
	EndGlobalSection
EndGlobal
